
Microsoft Visual Studio Solution File, Format Version 12.00
# Visual Studio Version 17
VisualStudioVersion = 17.9.34616.47
MinimumVisualStudioVersion = 10.0.40219.1
Project("{9A19103F-16F7-4668-BE54-9A1E7A4F7556}") = "02_IncDecOperator", "02_IncDecOperator\02_IncDecOperator.csproj", "{1BA2C7CC-5919-4F1A-B20E-84F8C8455E56}"
EndProject
Project("{9A19103F-16F7-4668-BE54-9A1E7A4F7556}") = "03_StringConcatenate", "03_StringConcatenate\03_StringConcatenate.csproj", "{E644895C-8056-459E-9C88-81C40219FCC0}"
EndProject
Project("{9A19103F-16F7-4668-BE54-9A1E7A4F7556}") = "01_ArithmeticOperator", "01_ArithmeticOperator\01_ArithmeticOperator.csproj", "{E79067A4-9BAD-4A45-B54E-FF0BF053EE61}"
EndProject
Project("{9A19103F-16F7-4668-BE54-9A1E7A4F7556}") = "04_RelationalOperator", "04_RelationalOperator\04_RelationalOperator.csproj", "{E0D9415E-27EA-4021-89E1-A28A76A7EBBE}"
EndProject
Project("{9A19103F-16F7-4668-BE54-9A1E7A4F7556}") = "05_LogicalOperator", "05_LogicalOperator\05_LogicalOperator.csproj", "{4F15DAD4-6CE1-4BE5-A68F-7E713729A735}"
EndProject
Project("{9A19103F-16F7-4668-BE54-9A1E7A4F7556}") = "06_ConditionalOperator", "06_ConditionalOperator\06_ConditionalOperator.csproj", "{BD0E103C-C84F-4F29-A62C-365829758E36}"
EndProject
Project("{9A19103F-16F7-4668-BE54-9A1E7A4F7556}") = "07_NullConditionalOperator", "07_NullConditionalOperator\07_NullConditionalOperator.csproj", "{69DABE0C-A55C-4B22-AA47-03FD0F029DFB}"
EndProject
Project("{FAE04EC0-301F-11D3-BF4B-00C04F79EFBC}") = "08_ShiftOperator", "08_ShiftOperator\08_ShiftOperator.csproj", "{55159693-86EB-4B1E-94DA-13C098F723D5}"
EndProject
Project("{FAE04EC0-301F-11D3-BF4B-00C04F79EFBC}") = "09_BitwiseOperator", "09_BitwiseOperator\09_BitwiseOperator.csproj", "{2B4D5FC9-4DD9-4ED8-BE34-813F8440019F}"
EndProject
Project("{FAE04EC0-301F-11D3-BF4B-00C04F79EFBC}") = "10_AssignmentOperator", "10_AssignmentOperator\10_AssignmentOperator.csproj", "{AE56C5FB-9482-4B97-B2F9-459B27BA1187}"
EndProject
Project("{FAE04EC0-301F-11D3-BF4B-00C04F79EFBC}") = "11_NullCoalescing", "11_NullCoalescing\11_NullCoalescing.csproj", "{48FFC2F7-E346-4466-BE73-77BFE5A97E4A}"
EndProject
Project("{FAE04EC0-301F-11D3-BF4B-00C04F79EFBC}") = "12_Practice", "12_Practice\12_Practice.csproj", "{1737E1EF-75A6-4145-BE2B-3D3B1EF6913D}"
EndProject
Global
	GlobalSection(SolutionConfigurationPlatforms) = preSolution
		Debug|Any CPU = Debug|Any CPU
		Release|Any CPU = Release|Any CPU
	EndGlobalSection
	GlobalSection(ProjectConfigurationPlatforms) = postSolution
		{1BA2C7CC-5919-4F1A-B20E-84F8C8455E56}.Debug|Any CPU.ActiveCfg = Debug|Any CPU
		{1BA2C7CC-5919-4F1A-B20E-84F8C8455E56}.Debug|Any CPU.Build.0 = Debug|Any CPU
		{1BA2C7CC-5919-4F1A-B20E-84F8C8455E56}.Release|Any CPU.ActiveCfg = Release|Any CPU
		{1BA2C7CC-5919-4F1A-B20E-84F8C8455E56}.Release|Any CPU.Build.0 = Release|Any CPU
		{E644895C-8056-459E-9C88-81C40219FCC0}.Debug|Any CPU.ActiveCfg = Debug|Any CPU
		{E644895C-8056-459E-9C88-81C40219FCC0}.Debug|Any CPU.Build.0 = Debug|Any CPU
		{E644895C-8056-459E-9C88-81C40219FCC0}.Release|Any CPU.ActiveCfg = Release|Any CPU
		{E644895C-8056-459E-9C88-81C40219FCC0}.Release|Any CPU.Build.0 = Release|Any CPU
		{E79067A4-9BAD-4A45-B54E-FF0BF053EE61}.Debug|Any CPU.ActiveCfg = Debug|Any CPU
		{E79067A4-9BAD-4A45-B54E-FF0BF053EE61}.Debug|Any CPU.Build.0 = Debug|Any CPU
		{E79067A4-9BAD-4A45-B54E-FF0BF053EE61}.Release|Any CPU.ActiveCfg = Release|Any CPU
		{E79067A4-9BAD-4A45-B54E-FF0BF053EE61}.Release|Any CPU.Build.0 = Release|Any CPU
		{E0D9415E-27EA-4021-89E1-A28A76A7EBBE}.Debug|Any CPU.ActiveCfg = Debug|Any CPU
		{E0D9415E-27EA-4021-89E1-A28A76A7EBBE}.Debug|Any CPU.Build.0 = Debug|Any CPU
		{E0D9415E-27EA-4021-89E1-A28A76A7EBBE}.Release|Any CPU.ActiveCfg = Release|Any CPU
		{E0D9415E-27EA-4021-89E1-A28A76A7EBBE}.Release|Any CPU.Build.0 = Release|Any CPU
		{4F15DAD4-6CE1-4BE5-A68F-7E713729A735}.Debug|Any CPU.ActiveCfg = Debug|Any CPU
		{4F15DAD4-6CE1-4BE5-A68F-7E713729A735}.Debug|Any CPU.Build.0 = Debug|Any CPU
		{4F15DAD4-6CE1-4BE5-A68F-7E713729A735}.Release|Any CPU.ActiveCfg = Release|Any CPU
		{4F15DAD4-6CE1-4BE5-A68F-7E713729A735}.Release|Any CPU.Build.0 = Release|Any CPU
		{BD0E103C-C84F-4F29-A62C-365829758E36}.Debug|Any CPU.ActiveCfg = Debug|Any CPU
		{BD0E103C-C84F-4F29-A62C-365829758E36}.Debug|Any CPU.Build.0 = Debug|Any CPU
		{BD0E103C-C84F-4F29-A62C-365829758E36}.Release|Any CPU.ActiveCfg = Release|Any CPU
		{BD0E103C-C84F-4F29-A62C-365829758E36}.Release|Any CPU.Build.0 = Release|Any CPU
		{69DABE0C-A55C-4B22-AA47-03FD0F029DFB}.Debug|Any CPU.ActiveCfg = Debug|Any CPU
		{69DABE0C-A55C-4B22-AA47-03FD0F029DFB}.Debug|Any CPU.Build.0 = Debug|Any CPU
		{69DABE0C-A55C-4B22-AA47-03FD0F029DFB}.Release|Any CPU.ActiveCfg = Release|Any CPU
		{69DABE0C-A55C-4B22-AA47-03FD0F029DFB}.Release|Any CPU.Build.0 = Release|Any CPU
		{55159693-86EB-4B1E-94DA-13C098F723D5}.Debug|Any CPU.ActiveCfg = Debug|Any CPU
		{55159693-86EB-4B1E-94DA-13C098F723D5}.Debug|Any CPU.Build.0 = Debug|Any CPU
		{55159693-86EB-4B1E-94DA-13C098F723D5}.Release|Any CPU.ActiveCfg = Release|Any CPU
		{55159693-86EB-4B1E-94DA-13C098F723D5}.Release|Any CPU.Build.0 = Release|Any CPU
		{2B4D5FC9-4DD9-4ED8-BE34-813F8440019F}.Debug|Any CPU.ActiveCfg = Debug|Any CPU
		{2B4D5FC9-4DD9-4ED8-BE34-813F8440019F}.Debug|Any CPU.Build.0 = Debug|Any CPU
		{2B4D5FC9-4DD9-4ED8-BE34-813F8440019F}.Release|Any CPU.ActiveCfg = Release|Any CPU
		{2B4D5FC9-4DD9-4ED8-BE34-813F8440019F}.Release|Any CPU.Build.0 = Release|Any CPU
		{AE56C5FB-9482-4B97-B2F9-459B27BA1187}.Debug|Any CPU.ActiveCfg = Debug|Any CPU
		{AE56C5FB-9482-4B97-B2F9-459B27BA1187}.Debug|Any CPU.Build.0 = Debug|Any CPU
		{AE56C5FB-9482-4B97-B2F9-459B27BA1187}.Release|Any CPU.ActiveCfg = Release|Any CPU
		{AE56C5FB-9482-4B97-B2F9-459B27BA1187}.Release|Any CPU.Build.0 = Release|Any CPU
		{48FFC2F7-E346-4466-BE73-77BFE5A97E4A}.Debug|Any CPU.ActiveCfg = Debug|Any CPU
		{48FFC2F7-E346-4466-BE73-77BFE5A97E4A}.Debug|Any CPU.Build.0 = Debug|Any CPU
		{48FFC2F7-E346-4466-BE73-77BFE5A97E4A}.Release|Any CPU.ActiveCfg = Release|Any CPU
		{48FFC2F7-E346-4466-BE73-77BFE5A97E4A}.Release|Any CPU.Build.0 = Release|Any CPU
		{1737E1EF-75A6-4145-BE2B-3D3B1EF6913D}.Debug|Any CPU.ActiveCfg = Debug|Any CPU
		{1737E1EF-75A6-4145-BE2B-3D3B1EF6913D}.Debug|Any CPU.Build.0 = Debug|Any CPU
		{1737E1EF-75A6-4145-BE2B-3D3B1EF6913D}.Release|Any CPU.ActiveCfg = Release|Any CPU
		{1737E1EF-75A6-4145-BE2B-3D3B1EF6913D}.Release|Any CPU.Build.0 = Release|Any CPU
	EndGlobalSection
	GlobalSection(SolutionProperties) = preSolution
		HideSolutionNode = FALSE
	EndGlobalSection
	GlobalSection(ExtensibilityGlobals) = postSolution
		SolutionGuid = {3F76A731-DADE-4100-96B5-CF0D5BDDAF13}
	EndGlobalSection
EndGlobal
