
Microsoft Visual Studio Solution File, Format Version 12.00
# Visual Studio Version 17
VisualStudioVersion = 17.8.34525.116
MinimumVisualStudioVersion = 10.0.40219.1
Project("{9A19103F-16F7-4668-BE54-9A1E7A4F7556}") = "01_IntegralTypes", "01_IntegralTypes\01_IntegralTypes.csproj", "{6F9C1285-BD68-4F63-9DC2-7C604673A5AF}"
EndProject
Project("{9A19103F-16F7-4668-BE54-9A1E7A4F7556}") = "02_IntegerLiterals", "02_IntegerLiterals\02_IntegerLiterals.csproj", "{73120391-CAB6-46F3-8959-8C7696AD905E}"
EndProject
Project("{9A19103F-16F7-4668-BE54-9A1E7A4F7556}") = "03_SignedUnsigned", "03_SignedUnsigned\03_SignedUnsigned.csproj", "{F6B7BC01-D7E0-489E-8056-777201A5AA33}"
EndProject
Project("{9A19103F-16F7-4668-BE54-9A1E7A4F7556}") = "04_Overflow", "04_Overflow\04_Overflow.csproj", "{E5095DF3-627E-4439-8546-8B8BB87A952F}"
EndProject
Project("{9A19103F-16F7-4668-BE54-9A1E7A4F7556}") = "05_FloatingPoint", "05_FloatingPoint\05_FloatingPoint.csproj", "{24E075F0-97BC-4457-9CB2-031F79CE6C2F}"
EndProject
Project("{9A19103F-16F7-4668-BE54-9A1E7A4F7556}") = "06_Decimal", "06_Decimal\06_Decimal.csproj", "{1850E0CF-58F7-4F30-90D6-56F4148DC8CE}"
EndProject
Project("{9A19103F-16F7-4668-BE54-9A1E7A4F7556}") = "07_Char", "07_Char\07_Char.csproj", "{7976A4E1-60E0-4A0A-A6EE-E17278B91B63}"
EndProject
Project("{9A19103F-16F7-4668-BE54-9A1E7A4F7556}") = "08_String", "08_String\08_String.csproj", "{90CA2732-0C5B-4021-80C8-65E23E30F5EE}"
EndProject
Project("{9A19103F-16F7-4668-BE54-9A1E7A4F7556}") = "09_Multiline", "09_Multiline\09_Multiline.csproj", "{A3F8055D-B95E-4FF9-8A62-9234BC9A2223}"
EndProject
Project("{9A19103F-16F7-4668-BE54-9A1E7A4F7556}") = "10_Bool", "10_Bool\10_Bool.csproj", "{91447242-7403-46AA-8036-5996B661B71A}"
EndProject
Project("{9A19103F-16F7-4668-BE54-9A1E7A4F7556}") = "11_Object", "11_Object\11_Object.csproj", "{B46C92DD-5355-4651-B784-EFC883ECDAEC}"
EndProject
Project("{9A19103F-16F7-4668-BE54-9A1E7A4F7556}") = "12_BoxingUnboxing", "12_BoxingUnboxing\12_BoxingUnboxing.csproj", "{235ED3CE-9E10-4039-849A-47005156791C}"
EndProject
Project("{9A19103F-16F7-4668-BE54-9A1E7A4F7556}") = "13_IntegralConversion", "13_IntegralConversion\13_IntegralConversion.csproj", "{9061D7E0-73AA-43D1-8C34-9C54842105C3}"
EndProject
Project("{9A19103F-16F7-4668-BE54-9A1E7A4F7556}") = "14_FloatConversion", "14_FloatConversion\14_FloatConversion.csproj", "{7984E9D0-397E-4B98-A686-C025FC4F61E2}"
EndProject
Project("{9A19103F-16F7-4668-BE54-9A1E7A4F7556}") = "15_SignedUnsignedConversion", "15_SignedUnsignedConversion\15_SignedUnsignedConversion.csproj", "{44AF6E02-F85F-4693-A67A-B437CA1E681B}"
EndProject
Project("{9A19103F-16F7-4668-BE54-9A1E7A4F7556}") = "16_FloatToIntegral", "16_FloatToIntegral\16_FloatToIntegral.csproj", "{D0378025-F27B-4786-B6D9-663A97D99A96}"
EndProject
Project("{9A19103F-16F7-4668-BE54-9A1E7A4F7556}") = "17_StringNumberConversion", "17_StringNumberConversion\17_StringNumberConversion.csproj", "{439964A8-2C1F-4C31-8EAC-4EBC83451B7A}"
EndProject
Project("{9A19103F-16F7-4668-BE54-9A1E7A4F7556}") = "18_Constant", "18_Constant\18_Constant.csproj", "{47339B61-2D5B-463B-8507-105146869710}"
EndProject
Project("{9A19103F-16F7-4668-BE54-9A1E7A4F7556}") = "22_Nullable", "22_Nullable\22_Nullable.csproj", "{0A1E84AB-46AC-441B-B1C4-79F982E1E40B}"
EndProject
Project("{9A19103F-16F7-4668-BE54-9A1E7A4F7556}") = "23_UsingVar", "23_UsingVar\23_UsingVar.csproj", "{7877D586-78D9-4C16-9997-3C9C203BAD9C}"
EndProject
Project("{9A19103F-16F7-4668-BE54-9A1E7A4F7556}") = "19_Enum", "19_Enum\19_Enum.csproj", "{AA21106D-7849-4A0E-9692-DD13F7875F7B}"
EndProject
Project("{9A19103F-16F7-4668-BE54-9A1E7A4F7556}") = "20_Enum2", "20_Enum2\20_Enum2.csproj", "{C44489BC-8069-437F-AA55-1ABC0064967F}"
EndProject
Project("{9A19103F-16F7-4668-BE54-9A1E7A4F7556}") = "21_Enum3", "21_Enum3\21_Enum3.csproj", "{06F7EDCA-16E5-4804-8F2D-F7F193F0C8C6}"
EndProject
Project("{9A19103F-16F7-4668-BE54-9A1E7A4F7556}") = "24_CTS", "24_CTS\24_CTS.csproj", "{2B8DDD09-BA11-48BC-9E10-19040DE197A8}"
EndProject
Project("{9A19103F-16F7-4668-BE54-9A1E7A4F7556}") = "25_StringSearch", "25_StringSearch\25_StringSearch.csproj", "{496FC056-508D-43F7-900C-B49E6CDB3FD4}"
EndProject
Project("{9A19103F-16F7-4668-BE54-9A1E7A4F7556}") = "26_StringModify", "26_StringModify\26_StringModify.csproj", "{27F9ECBE-666C-46BA-98DB-1571458A2A37}"
EndProject
Project("{9A19103F-16F7-4668-BE54-9A1E7A4F7556}") = "27_StringSlice", "27_StringSlice\27_StringSlice.csproj", "{48E306D7-97D9-4D09-B890-0DC153EF210F}"
EndProject
Project("{FAE04EC0-301F-11D3-BF4B-00C04F79EFBC}") = "28_StringFormatBasic", "28_StringFormatBasic\28_StringFormatBasic.csproj", "{9DC2F9B5-47AE-4ED9-A622-1FFF9E4DE2A4}"
EndProject
Project("{FAE04EC0-301F-11D3-BF4B-00C04F79EFBC}") = "29_StringFormatNumber", "29_StringFormatNumber\29_StringFormatNumber.csproj", "{494838D0-DBC5-4129-AD1E-CF1AF4A31966}"
EndProject
Project("{FAE04EC0-301F-11D3-BF4B-00C04F79EFBC}") = "30_StringFormatDatetime", "30_StringFormatDatetime\30_StringFormatDatetime.csproj", "{4C2928F0-F63D-48F3-83F9-87F0C6BD532E}"
EndProject
Project("{FAE04EC0-301F-11D3-BF4B-00C04F79EFBC}") = "31_StringInterpolation", "31_StringInterpolation\31_StringInterpolation.csproj", "{8C45DDB4-30C6-4B41-8429-3D58B0503AF3}"
EndProject
Project("{FAE04EC0-301F-11D3-BF4B-00C04F79EFBC}") = "32_Practice", "32_Practice\32_Practice.csproj", "{46AC4B8C-06C2-4C24-882D-6A835FEC7DFD}"
EndProject
Global
	GlobalSection(SolutionConfigurationPlatforms) = preSolution
		Debug|Any CPU = Debug|Any CPU
		Release|Any CPU = Release|Any CPU
	EndGlobalSection
	GlobalSection(ProjectConfigurationPlatforms) = postSolution
		{6F9C1285-BD68-4F63-9DC2-7C604673A5AF}.Debug|Any CPU.ActiveCfg = Debug|Any CPU
		{6F9C1285-BD68-4F63-9DC2-7C604673A5AF}.Debug|Any CPU.Build.0 = Debug|Any CPU
		{6F9C1285-BD68-4F63-9DC2-7C604673A5AF}.Release|Any CPU.ActiveCfg = Release|Any CPU
		{6F9C1285-BD68-4F63-9DC2-7C604673A5AF}.Release|Any CPU.Build.0 = Release|Any CPU
		{73120391-CAB6-46F3-8959-8C7696AD905E}.Debug|Any CPU.ActiveCfg = Debug|Any CPU
		{73120391-CAB6-46F3-8959-8C7696AD905E}.Debug|Any CPU.Build.0 = Debug|Any CPU
		{73120391-CAB6-46F3-8959-8C7696AD905E}.Release|Any CPU.ActiveCfg = Release|Any CPU
		{73120391-CAB6-46F3-8959-8C7696AD905E}.Release|Any CPU.Build.0 = Release|Any CPU
		{F6B7BC01-D7E0-489E-8056-777201A5AA33}.Debug|Any CPU.ActiveCfg = Debug|Any CPU
		{F6B7BC01-D7E0-489E-8056-777201A5AA33}.Debug|Any CPU.Build.0 = Debug|Any CPU
		{F6B7BC01-D7E0-489E-8056-777201A5AA33}.Release|Any CPU.ActiveCfg = Release|Any CPU
		{F6B7BC01-D7E0-489E-8056-777201A5AA33}.Release|Any CPU.Build.0 = Release|Any CPU
		{E5095DF3-627E-4439-8546-8B8BB87A952F}.Debug|Any CPU.ActiveCfg = Debug|Any CPU
		{E5095DF3-627E-4439-8546-8B8BB87A952F}.Debug|Any CPU.Build.0 = Debug|Any CPU
		{E5095DF3-627E-4439-8546-8B8BB87A952F}.Release|Any CPU.ActiveCfg = Release|Any CPU
		{E5095DF3-627E-4439-8546-8B8BB87A952F}.Release|Any CPU.Build.0 = Release|Any CPU
		{24E075F0-97BC-4457-9CB2-031F79CE6C2F}.Debug|Any CPU.ActiveCfg = Debug|Any CPU
		{24E075F0-97BC-4457-9CB2-031F79CE6C2F}.Debug|Any CPU.Build.0 = Debug|Any CPU
		{24E075F0-97BC-4457-9CB2-031F79CE6C2F}.Release|Any CPU.ActiveCfg = Release|Any CPU
		{24E075F0-97BC-4457-9CB2-031F79CE6C2F}.Release|Any CPU.Build.0 = Release|Any CPU
		{1850E0CF-58F7-4F30-90D6-56F4148DC8CE}.Debug|Any CPU.ActiveCfg = Debug|Any CPU
		{1850E0CF-58F7-4F30-90D6-56F4148DC8CE}.Debug|Any CPU.Build.0 = Debug|Any CPU
		{1850E0CF-58F7-4F30-90D6-56F4148DC8CE}.Release|Any CPU.ActiveCfg = Release|Any CPU
		{1850E0CF-58F7-4F30-90D6-56F4148DC8CE}.Release|Any CPU.Build.0 = Release|Any CPU
		{7976A4E1-60E0-4A0A-A6EE-E17278B91B63}.Debug|Any CPU.ActiveCfg = Debug|Any CPU
		{7976A4E1-60E0-4A0A-A6EE-E17278B91B63}.Debug|Any CPU.Build.0 = Debug|Any CPU
		{7976A4E1-60E0-4A0A-A6EE-E17278B91B63}.Release|Any CPU.ActiveCfg = Release|Any CPU
		{7976A4E1-60E0-4A0A-A6EE-E17278B91B63}.Release|Any CPU.Build.0 = Release|Any CPU
		{90CA2732-0C5B-4021-80C8-65E23E30F5EE}.Debug|Any CPU.ActiveCfg = Debug|Any CPU
		{90CA2732-0C5B-4021-80C8-65E23E30F5EE}.Debug|Any CPU.Build.0 = Debug|Any CPU
		{90CA2732-0C5B-4021-80C8-65E23E30F5EE}.Release|Any CPU.ActiveCfg = Release|Any CPU
		{90CA2732-0C5B-4021-80C8-65E23E30F5EE}.Release|Any CPU.Build.0 = Release|Any CPU
		{A3F8055D-B95E-4FF9-8A62-9234BC9A2223}.Debug|Any CPU.ActiveCfg = Debug|Any CPU
		{A3F8055D-B95E-4FF9-8A62-9234BC9A2223}.Debug|Any CPU.Build.0 = Debug|Any CPU
		{A3F8055D-B95E-4FF9-8A62-9234BC9A2223}.Release|Any CPU.ActiveCfg = Release|Any CPU
		{A3F8055D-B95E-4FF9-8A62-9234BC9A2223}.Release|Any CPU.Build.0 = Release|Any CPU
		{91447242-7403-46AA-8036-5996B661B71A}.Debug|Any CPU.ActiveCfg = Debug|Any CPU
		{91447242-7403-46AA-8036-5996B661B71A}.Debug|Any CPU.Build.0 = Debug|Any CPU
		{91447242-7403-46AA-8036-5996B661B71A}.Release|Any CPU.ActiveCfg = Release|Any CPU
		{91447242-7403-46AA-8036-5996B661B71A}.Release|Any CPU.Build.0 = Release|Any CPU
		{B46C92DD-5355-4651-B784-EFC883ECDAEC}.Debug|Any CPU.ActiveCfg = Debug|Any CPU
		{B46C92DD-5355-4651-B784-EFC883ECDAEC}.Debug|Any CPU.Build.0 = Debug|Any CPU
		{B46C92DD-5355-4651-B784-EFC883ECDAEC}.Release|Any CPU.ActiveCfg = Release|Any CPU
		{B46C92DD-5355-4651-B784-EFC883ECDAEC}.Release|Any CPU.Build.0 = Release|Any CPU
		{235ED3CE-9E10-4039-849A-47005156791C}.Debug|Any CPU.ActiveCfg = Debug|Any CPU
		{235ED3CE-9E10-4039-849A-47005156791C}.Debug|Any CPU.Build.0 = Debug|Any CPU
		{235ED3CE-9E10-4039-849A-47005156791C}.Release|Any CPU.ActiveCfg = Release|Any CPU
		{235ED3CE-9E10-4039-849A-47005156791C}.Release|Any CPU.Build.0 = Release|Any CPU
		{9061D7E0-73AA-43D1-8C34-9C54842105C3}.Debug|Any CPU.ActiveCfg = Debug|Any CPU
		{9061D7E0-73AA-43D1-8C34-9C54842105C3}.Debug|Any CPU.Build.0 = Debug|Any CPU
		{9061D7E0-73AA-43D1-8C34-9C54842105C3}.Release|Any CPU.ActiveCfg = Release|Any CPU
		{9061D7E0-73AA-43D1-8C34-9C54842105C3}.Release|Any CPU.Build.0 = Release|Any CPU
		{7984E9D0-397E-4B98-A686-C025FC4F61E2}.Debug|Any CPU.ActiveCfg = Debug|Any CPU
		{7984E9D0-397E-4B98-A686-C025FC4F61E2}.Debug|Any CPU.Build.0 = Debug|Any CPU
		{7984E9D0-397E-4B98-A686-C025FC4F61E2}.Release|Any CPU.ActiveCfg = Release|Any CPU
		{7984E9D0-397E-4B98-A686-C025FC4F61E2}.Release|Any CPU.Build.0 = Release|Any CPU
		{44AF6E02-F85F-4693-A67A-B437CA1E681B}.Debug|Any CPU.ActiveCfg = Debug|Any CPU
		{44AF6E02-F85F-4693-A67A-B437CA1E681B}.Debug|Any CPU.Build.0 = Debug|Any CPU
		{44AF6E02-F85F-4693-A67A-B437CA1E681B}.Release|Any CPU.ActiveCfg = Release|Any CPU
		{44AF6E02-F85F-4693-A67A-B437CA1E681B}.Release|Any CPU.Build.0 = Release|Any CPU
		{D0378025-F27B-4786-B6D9-663A97D99A96}.Debug|Any CPU.ActiveCfg = Debug|Any CPU
		{D0378025-F27B-4786-B6D9-663A97D99A96}.Debug|Any CPU.Build.0 = Debug|Any CPU
		{D0378025-F27B-4786-B6D9-663A97D99A96}.Release|Any CPU.ActiveCfg = Release|Any CPU
		{D0378025-F27B-4786-B6D9-663A97D99A96}.Release|Any CPU.Build.0 = Release|Any CPU
		{439964A8-2C1F-4C31-8EAC-4EBC83451B7A}.Debug|Any CPU.ActiveCfg = Debug|Any CPU
		{439964A8-2C1F-4C31-8EAC-4EBC83451B7A}.Debug|Any CPU.Build.0 = Debug|Any CPU
		{439964A8-2C1F-4C31-8EAC-4EBC83451B7A}.Release|Any CPU.ActiveCfg = Release|Any CPU
		{439964A8-2C1F-4C31-8EAC-4EBC83451B7A}.Release|Any CPU.Build.0 = Release|Any CPU
		{47339B61-2D5B-463B-8507-105146869710}.Debug|Any CPU.ActiveCfg = Debug|Any CPU
		{47339B61-2D5B-463B-8507-105146869710}.Debug|Any CPU.Build.0 = Debug|Any CPU
		{47339B61-2D5B-463B-8507-105146869710}.Release|Any CPU.ActiveCfg = Release|Any CPU
		{47339B61-2D5B-463B-8507-105146869710}.Release|Any CPU.Build.0 = Release|Any CPU
		{0A1E84AB-46AC-441B-B1C4-79F982E1E40B}.Debug|Any CPU.ActiveCfg = Debug|Any CPU
		{0A1E84AB-46AC-441B-B1C4-79F982E1E40B}.Debug|Any CPU.Build.0 = Debug|Any CPU
		{0A1E84AB-46AC-441B-B1C4-79F982E1E40B}.Release|Any CPU.ActiveCfg = Release|Any CPU
		{0A1E84AB-46AC-441B-B1C4-79F982E1E40B}.Release|Any CPU.Build.0 = Release|Any CPU
		{7877D586-78D9-4C16-9997-3C9C203BAD9C}.Debug|Any CPU.ActiveCfg = Debug|Any CPU
		{7877D586-78D9-4C16-9997-3C9C203BAD9C}.Debug|Any CPU.Build.0 = Debug|Any CPU
		{7877D586-78D9-4C16-9997-3C9C203BAD9C}.Release|Any CPU.ActiveCfg = Release|Any CPU
		{7877D586-78D9-4C16-9997-3C9C203BAD9C}.Release|Any CPU.Build.0 = Release|Any CPU
		{AA21106D-7849-4A0E-9692-DD13F7875F7B}.Debug|Any CPU.ActiveCfg = Debug|Any CPU
		{AA21106D-7849-4A0E-9692-DD13F7875F7B}.Debug|Any CPU.Build.0 = Debug|Any CPU
		{AA21106D-7849-4A0E-9692-DD13F7875F7B}.Release|Any CPU.ActiveCfg = Release|Any CPU
		{AA21106D-7849-4A0E-9692-DD13F7875F7B}.Release|Any CPU.Build.0 = Release|Any CPU
		{C44489BC-8069-437F-AA55-1ABC0064967F}.Debug|Any CPU.ActiveCfg = Debug|Any CPU
		{C44489BC-8069-437F-AA55-1ABC0064967F}.Debug|Any CPU.Build.0 = Debug|Any CPU
		{C44489BC-8069-437F-AA55-1ABC0064967F}.Release|Any CPU.ActiveCfg = Release|Any CPU
		{C44489BC-8069-437F-AA55-1ABC0064967F}.Release|Any CPU.Build.0 = Release|Any CPU
		{06F7EDCA-16E5-4804-8F2D-F7F193F0C8C6}.Debug|Any CPU.ActiveCfg = Debug|Any CPU
		{06F7EDCA-16E5-4804-8F2D-F7F193F0C8C6}.Debug|Any CPU.Build.0 = Debug|Any CPU
		{06F7EDCA-16E5-4804-8F2D-F7F193F0C8C6}.Release|Any CPU.ActiveCfg = Release|Any CPU
		{06F7EDCA-16E5-4804-8F2D-F7F193F0C8C6}.Release|Any CPU.Build.0 = Release|Any CPU
		{2B8DDD09-BA11-48BC-9E10-19040DE197A8}.Debug|Any CPU.ActiveCfg = Debug|Any CPU
		{2B8DDD09-BA11-48BC-9E10-19040DE197A8}.Debug|Any CPU.Build.0 = Debug|Any CPU
		{2B8DDD09-BA11-48BC-9E10-19040DE197A8}.Release|Any CPU.ActiveCfg = Release|Any CPU
		{2B8DDD09-BA11-48BC-9E10-19040DE197A8}.Release|Any CPU.Build.0 = Release|Any CPU
		{496FC056-508D-43F7-900C-B49E6CDB3FD4}.Debug|Any CPU.ActiveCfg = Debug|Any CPU
		{496FC056-508D-43F7-900C-B49E6CDB3FD4}.Debug|Any CPU.Build.0 = Debug|Any CPU
		{496FC056-508D-43F7-900C-B49E6CDB3FD4}.Release|Any CPU.ActiveCfg = Release|Any CPU
		{496FC056-508D-43F7-900C-B49E6CDB3FD4}.Release|Any CPU.Build.0 = Release|Any CPU
		{27F9ECBE-666C-46BA-98DB-1571458A2A37}.Debug|Any CPU.ActiveCfg = Debug|Any CPU
		{27F9ECBE-666C-46BA-98DB-1571458A2A37}.Debug|Any CPU.Build.0 = Debug|Any CPU
		{27F9ECBE-666C-46BA-98DB-1571458A2A37}.Release|Any CPU.ActiveCfg = Release|Any CPU
		{27F9ECBE-666C-46BA-98DB-1571458A2A37}.Release|Any CPU.Build.0 = Release|Any CPU
		{48E306D7-97D9-4D09-B890-0DC153EF210F}.Debug|Any CPU.ActiveCfg = Debug|Any CPU
		{48E306D7-97D9-4D09-B890-0DC153EF210F}.Debug|Any CPU.Build.0 = Debug|Any CPU
		{48E306D7-97D9-4D09-B890-0DC153EF210F}.Release|Any CPU.ActiveCfg = Release|Any CPU
		{48E306D7-97D9-4D09-B890-0DC153EF210F}.Release|Any CPU.Build.0 = Release|Any CPU
		{9DC2F9B5-47AE-4ED9-A622-1FFF9E4DE2A4}.Debug|Any CPU.ActiveCfg = Debug|Any CPU
		{9DC2F9B5-47AE-4ED9-A622-1FFF9E4DE2A4}.Debug|Any CPU.Build.0 = Debug|Any CPU
		{9DC2F9B5-47AE-4ED9-A622-1FFF9E4DE2A4}.Release|Any CPU.ActiveCfg = Release|Any CPU
		{9DC2F9B5-47AE-4ED9-A622-1FFF9E4DE2A4}.Release|Any CPU.Build.0 = Release|Any CPU
		{494838D0-DBC5-4129-AD1E-CF1AF4A31966}.Debug|Any CPU.ActiveCfg = Debug|Any CPU
		{494838D0-DBC5-4129-AD1E-CF1AF4A31966}.Debug|Any CPU.Build.0 = Debug|Any CPU
		{494838D0-DBC5-4129-AD1E-CF1AF4A31966}.Release|Any CPU.ActiveCfg = Release|Any CPU
		{494838D0-DBC5-4129-AD1E-CF1AF4A31966}.Release|Any CPU.Build.0 = Release|Any CPU
		{4C2928F0-F63D-48F3-83F9-87F0C6BD532E}.Debug|Any CPU.ActiveCfg = Debug|Any CPU
		{4C2928F0-F63D-48F3-83F9-87F0C6BD532E}.Debug|Any CPU.Build.0 = Debug|Any CPU
		{4C2928F0-F63D-48F3-83F9-87F0C6BD532E}.Release|Any CPU.ActiveCfg = Release|Any CPU
		{4C2928F0-F63D-48F3-83F9-87F0C6BD532E}.Release|Any CPU.Build.0 = Release|Any CPU
		{8C45DDB4-30C6-4B41-8429-3D58B0503AF3}.Debug|Any CPU.ActiveCfg = Debug|Any CPU
		{8C45DDB4-30C6-4B41-8429-3D58B0503AF3}.Debug|Any CPU.Build.0 = Debug|Any CPU
		{8C45DDB4-30C6-4B41-8429-3D58B0503AF3}.Release|Any CPU.ActiveCfg = Release|Any CPU
		{8C45DDB4-30C6-4B41-8429-3D58B0503AF3}.Release|Any CPU.Build.0 = Release|Any CPU
		{46AC4B8C-06C2-4C24-882D-6A835FEC7DFD}.Debug|Any CPU.ActiveCfg = Debug|Any CPU
		{46AC4B8C-06C2-4C24-882D-6A835FEC7DFD}.Debug|Any CPU.Build.0 = Debug|Any CPU
		{46AC4B8C-06C2-4C24-882D-6A835FEC7DFD}.Release|Any CPU.ActiveCfg = Release|Any CPU
		{46AC4B8C-06C2-4C24-882D-6A835FEC7DFD}.Release|Any CPU.Build.0 = Release|Any CPU
	EndGlobalSection
	GlobalSection(SolutionProperties) = preSolution
		HideSolutionNode = FALSE
	EndGlobalSection
	GlobalSection(ExtensibilityGlobals) = postSolution
		SolutionGuid = {46CBDA5E-2A2E-4F6C-913F-FF4F4725E0A1}
	EndGlobalSection
EndGlobal
