
Microsoft Visual Studio Solution File, Format Version 12.00
# Visual Studio Version 17
VisualStudioVersion = 17.9.34616.47
MinimumVisualStudioVersion = 10.0.40219.1
Project("{9A19103F-16F7-4668-BE54-9A1E7A4F7556}") = "01_IfElse", "01_IfElse\01_IfElse.csproj", "{46E3D611-F15C-44F6-81D2-16436EBD81F5}"
EndProject
Project("{9A19103F-16F7-4668-BE54-9A1E7A4F7556}") = "02_IfIf", "02_IfIf\02_IfIf.csproj", "{F3309813-3075-4FA1-A033-E4C2298FA04D}"
EndProject
Project("{9A19103F-16F7-4668-BE54-9A1E7A4F7556}") = "03_Switch", "03_Switch\03_Switch.csproj", "{C3123DC2-FB60-4794-A20D-72E90E7AA458}"
EndProject
Project("{9A19103F-16F7-4668-BE54-9A1E7A4F7556}") = "04_Switch2", "04_Switch2\04_Switch2.csproj", "{7F85F7BB-97E9-41F7-B6A7-A34FF282D88C}"
EndProject
Project("{9A19103F-16F7-4668-BE54-9A1E7A4F7556}") = "05_SwitchExp", "05_SwitchExp\05_SwitchExp.csproj", "{F96FCB20-77C7-477D-B44E-96F59E09B94F}"
EndProject
Project("{9A19103F-16F7-4668-BE54-9A1E7A4F7556}") = "06_While", "06_While\06_While.csproj", "{F49C9266-4CA7-40D4-AF63-724F7767FA80}"
EndProject
Project("{9A19103F-16F7-4668-BE54-9A1E7A4F7556}") = "07_DoWhile", "07_DoWhile\07_DoWhile.csproj", "{1798236B-7A6F-4B7E-9631-643612892273}"
EndProject
Project("{9A19103F-16F7-4668-BE54-9A1E7A4F7556}") = "08_For", "08_For\08_For.csproj", "{6A7C9B9B-4D73-4A8F-BE60-1970530DF4D5}"
EndProject
Project("{9A19103F-16F7-4668-BE54-9A1E7A4F7556}") = "09_ForFor", "09_ForFor\09_ForFor.csproj", "{807E4F2A-38E7-4B1B-8B8C-01EA1ADB700C}"
EndProject
Project("{9A19103F-16F7-4668-BE54-9A1E7A4F7556}") = "10_ForEach", "10_ForEach\10_ForEach.csproj", "{8A605025-EFD0-431C-A7C6-BB6FB642B894}"
EndProject
Project("{9A19103F-16F7-4668-BE54-9A1E7A4F7556}") = "11_InfiniteForWhile", "11_InfiniteForWhile\11_InfiniteForWhile.csproj", "{DC045688-8EA9-4BCD-83B8-341D6A392689}"
EndProject
Project("{FAE04EC0-301F-11D3-BF4B-00C04F79EFBC}") = "12_Break", "12_Break\12_Break.csproj", "{7453AEC2-FA3B-42CF-831F-7EA06D840C20}"
EndProject
Project("{FAE04EC0-301F-11D3-BF4B-00C04F79EFBC}") = "13_Continue", "13_Continue\13_Continue.csproj", "{5406D236-86D3-4DD9-BB0B-F4720831CC1F}"
EndProject
Project("{FAE04EC0-301F-11D3-BF4B-00C04F79EFBC}") = "14_Goto", "14_Goto\14_Goto.csproj", "{29DFB0BC-BC69-4ED4-853D-B9B2FD007EA5}"
EndProject
Project("{FAE04EC0-301F-11D3-BF4B-00C04F79EFBC}") = "15_PatternMatching", "15_PatternMatching\15_PatternMatching.csproj", "{2A826136-4C00-444E-98F8-AFDF23EFF6BE}"
EndProject
Global
	GlobalSection(SolutionConfigurationPlatforms) = preSolution
		Debug|Any CPU = Debug|Any CPU
		Release|Any CPU = Release|Any CPU
	EndGlobalSection
	GlobalSection(ProjectConfigurationPlatforms) = postSolution
		{46E3D611-F15C-44F6-81D2-16436EBD81F5}.Debug|Any CPU.ActiveCfg = Debug|Any CPU
		{46E3D611-F15C-44F6-81D2-16436EBD81F5}.Debug|Any CPU.Build.0 = Debug|Any CPU
		{46E3D611-F15C-44F6-81D2-16436EBD81F5}.Release|Any CPU.ActiveCfg = Release|Any CPU
		{46E3D611-F15C-44F6-81D2-16436EBD81F5}.Release|Any CPU.Build.0 = Release|Any CPU
		{F3309813-3075-4FA1-A033-E4C2298FA04D}.Debug|Any CPU.ActiveCfg = Debug|Any CPU
		{F3309813-3075-4FA1-A033-E4C2298FA04D}.Debug|Any CPU.Build.0 = Debug|Any CPU
		{F3309813-3075-4FA1-A033-E4C2298FA04D}.Release|Any CPU.ActiveCfg = Release|Any CPU
		{F3309813-3075-4FA1-A033-E4C2298FA04D}.Release|Any CPU.Build.0 = Release|Any CPU
		{C3123DC2-FB60-4794-A20D-72E90E7AA458}.Debug|Any CPU.ActiveCfg = Debug|Any CPU
		{C3123DC2-FB60-4794-A20D-72E90E7AA458}.Debug|Any CPU.Build.0 = Debug|Any CPU
		{C3123DC2-FB60-4794-A20D-72E90E7AA458}.Release|Any CPU.ActiveCfg = Release|Any CPU
		{C3123DC2-FB60-4794-A20D-72E90E7AA458}.Release|Any CPU.Build.0 = Release|Any CPU
		{7F85F7BB-97E9-41F7-B6A7-A34FF282D88C}.Debug|Any CPU.ActiveCfg = Debug|Any CPU
		{7F85F7BB-97E9-41F7-B6A7-A34FF282D88C}.Debug|Any CPU.Build.0 = Debug|Any CPU
		{7F85F7BB-97E9-41F7-B6A7-A34FF282D88C}.Release|Any CPU.ActiveCfg = Release|Any CPU
		{7F85F7BB-97E9-41F7-B6A7-A34FF282D88C}.Release|Any CPU.Build.0 = Release|Any CPU
		{F96FCB20-77C7-477D-B44E-96F59E09B94F}.Debug|Any CPU.ActiveCfg = Debug|Any CPU
		{F96FCB20-77C7-477D-B44E-96F59E09B94F}.Debug|Any CPU.Build.0 = Debug|Any CPU
		{F96FCB20-77C7-477D-B44E-96F59E09B94F}.Release|Any CPU.ActiveCfg = Release|Any CPU
		{F96FCB20-77C7-477D-B44E-96F59E09B94F}.Release|Any CPU.Build.0 = Release|Any CPU
		{F49C9266-4CA7-40D4-AF63-724F7767FA80}.Debug|Any CPU.ActiveCfg = Debug|Any CPU
		{F49C9266-4CA7-40D4-AF63-724F7767FA80}.Debug|Any CPU.Build.0 = Debug|Any CPU
		{F49C9266-4CA7-40D4-AF63-724F7767FA80}.Release|Any CPU.ActiveCfg = Release|Any CPU
		{F49C9266-4CA7-40D4-AF63-724F7767FA80}.Release|Any CPU.Build.0 = Release|Any CPU
		{1798236B-7A6F-4B7E-9631-643612892273}.Debug|Any CPU.ActiveCfg = Debug|Any CPU
		{1798236B-7A6F-4B7E-9631-643612892273}.Debug|Any CPU.Build.0 = Debug|Any CPU
		{1798236B-7A6F-4B7E-9631-643612892273}.Release|Any CPU.ActiveCfg = Release|Any CPU
		{1798236B-7A6F-4B7E-9631-643612892273}.Release|Any CPU.Build.0 = Release|Any CPU
		{6A7C9B9B-4D73-4A8F-BE60-1970530DF4D5}.Debug|Any CPU.ActiveCfg = Debug|Any CPU
		{6A7C9B9B-4D73-4A8F-BE60-1970530DF4D5}.Debug|Any CPU.Build.0 = Debug|Any CPU
		{6A7C9B9B-4D73-4A8F-BE60-1970530DF4D5}.Release|Any CPU.ActiveCfg = Release|Any CPU
		{6A7C9B9B-4D73-4A8F-BE60-1970530DF4D5}.Release|Any CPU.Build.0 = Release|Any CPU
		{807E4F2A-38E7-4B1B-8B8C-01EA1ADB700C}.Debug|Any CPU.ActiveCfg = Debug|Any CPU
		{807E4F2A-38E7-4B1B-8B8C-01EA1ADB700C}.Debug|Any CPU.Build.0 = Debug|Any CPU
		{807E4F2A-38E7-4B1B-8B8C-01EA1ADB700C}.Release|Any CPU.ActiveCfg = Release|Any CPU
		{807E4F2A-38E7-4B1B-8B8C-01EA1ADB700C}.Release|Any CPU.Build.0 = Release|Any CPU
		{8A605025-EFD0-431C-A7C6-BB6FB642B894}.Debug|Any CPU.ActiveCfg = Debug|Any CPU
		{8A605025-EFD0-431C-A7C6-BB6FB642B894}.Debug|Any CPU.Build.0 = Debug|Any CPU
		{8A605025-EFD0-431C-A7C6-BB6FB642B894}.Release|Any CPU.ActiveCfg = Release|Any CPU
		{8A605025-EFD0-431C-A7C6-BB6FB642B894}.Release|Any CPU.Build.0 = Release|Any CPU
		{DC045688-8EA9-4BCD-83B8-341D6A392689}.Debug|Any CPU.ActiveCfg = Debug|Any CPU
		{DC045688-8EA9-4BCD-83B8-341D6A392689}.Debug|Any CPU.Build.0 = Debug|Any CPU
		{DC045688-8EA9-4BCD-83B8-341D6A392689}.Release|Any CPU.ActiveCfg = Release|Any CPU
		{DC045688-8EA9-4BCD-83B8-341D6A392689}.Release|Any CPU.Build.0 = Release|Any CPU
		{7453AEC2-FA3B-42CF-831F-7EA06D840C20}.Debug|Any CPU.ActiveCfg = Debug|Any CPU
		{7453AEC2-FA3B-42CF-831F-7EA06D840C20}.Debug|Any CPU.Build.0 = Debug|Any CPU
		{7453AEC2-FA3B-42CF-831F-7EA06D840C20}.Release|Any CPU.ActiveCfg = Release|Any CPU
		{7453AEC2-FA3B-42CF-831F-7EA06D840C20}.Release|Any CPU.Build.0 = Release|Any CPU
		{5406D236-86D3-4DD9-BB0B-F4720831CC1F}.Debug|Any CPU.ActiveCfg = Debug|Any CPU
		{5406D236-86D3-4DD9-BB0B-F4720831CC1F}.Debug|Any CPU.Build.0 = Debug|Any CPU
		{5406D236-86D3-4DD9-BB0B-F4720831CC1F}.Release|Any CPU.ActiveCfg = Release|Any CPU
		{5406D236-86D3-4DD9-BB0B-F4720831CC1F}.Release|Any CPU.Build.0 = Release|Any CPU
		{29DFB0BC-BC69-4ED4-853D-B9B2FD007EA5}.Debug|Any CPU.ActiveCfg = Debug|Any CPU
		{29DFB0BC-BC69-4ED4-853D-B9B2FD007EA5}.Debug|Any CPU.Build.0 = Debug|Any CPU
		{29DFB0BC-BC69-4ED4-853D-B9B2FD007EA5}.Release|Any CPU.ActiveCfg = Release|Any CPU
		{29DFB0BC-BC69-4ED4-853D-B9B2FD007EA5}.Release|Any CPU.Build.0 = Release|Any CPU
		{2A826136-4C00-444E-98F8-AFDF23EFF6BE}.Debug|Any CPU.ActiveCfg = Debug|Any CPU
		{2A826136-4C00-444E-98F8-AFDF23EFF6BE}.Debug|Any CPU.Build.0 = Debug|Any CPU
		{2A826136-4C00-444E-98F8-AFDF23EFF6BE}.Release|Any CPU.ActiveCfg = Release|Any CPU
		{2A826136-4C00-444E-98F8-AFDF23EFF6BE}.Release|Any CPU.Build.0 = Release|Any CPU
	EndGlobalSection
	GlobalSection(SolutionProperties) = preSolution
		HideSolutionNode = FALSE
	EndGlobalSection
	GlobalSection(ExtensibilityGlobals) = postSolution
		SolutionGuid = {684019C5-F833-4975-904A-E4EC3431CBF2}
	EndGlobalSection
EndGlobal
