
Microsoft Visual Studio Solution File, Format Version 12.00
# Visual Studio Version 17
VisualStudioVersion = 17.8.34525.116
MinimumVisualStudioVersion = 10.0.40219.1
Project("{9A19103F-16F7-4668-BE54-9A1E7A4F7556}") = "01_Hello", "01_Hello.csproj", "{6565CB97-EC8D-4995-A7B1-8918F1AF5F34}"
EndProject
Project("{FAE04EC0-301F-11D3-BF4B-00C04F79EFBC}") = "02_Practice01", "..\02_Practice01\02_Practice01.csproj", "{D99CC5D6-B044-4AF2-86AE-F3A6A90A5CF6}"
EndProject
Project("{FAE04EC0-301F-11D3-BF4B-00C04F79EFBC}") = "03_Practice02", "..\03_Practice02\03_Practice02.csproj", "{B8FB4141-3018-4CA8-846F-70204282EC01}"
EndProject
Global
	GlobalSection(SolutionConfigurationPlatforms) = preSolution
		Debug|Any CPU = Debug|Any CPU
		Release|Any CPU = Release|Any CPU
	EndGlobalSection
	GlobalSection(ProjectConfigurationPlatforms) = postSolution
		{6565CB97-EC8D-4995-A7B1-8918F1AF5F34}.Debug|Any CPU.ActiveCfg = Debug|Any CPU
		{6565CB97-EC8D-4995-A7B1-8918F1AF5F34}.Debug|Any CPU.Build.0 = Debug|Any CPU
		{6565CB97-EC8D-4995-A7B1-8918F1AF5F34}.Release|Any CPU.ActiveCfg = Release|Any CPU
		{6565CB97-EC8D-4995-A7B1-8918F1AF5F34}.Release|Any CPU.Build.0 = Release|Any CPU
		{D99CC5D6-B044-4AF2-86AE-F3A6A90A5CF6}.Debug|Any CPU.ActiveCfg = Debug|Any CPU
		{D99CC5D6-B044-4AF2-86AE-F3A6A90A5CF6}.Debug|Any CPU.Build.0 = Debug|Any CPU
		{D99CC5D6-B044-4AF2-86AE-F3A6A90A5CF6}.Release|Any CPU.ActiveCfg = Release|Any CPU
		{D99CC5D6-B044-4AF2-86AE-F3A6A90A5CF6}.Release|Any CPU.Build.0 = Release|Any CPU
		{B8FB4141-3018-4CA8-846F-70204282EC01}.Debug|Any CPU.ActiveCfg = Debug|Any CPU
		{B8FB4141-3018-4CA8-846F-70204282EC01}.Debug|Any CPU.Build.0 = Debug|Any CPU
		{B8FB4141-3018-4CA8-846F-70204282EC01}.Release|Any CPU.ActiveCfg = Release|Any CPU
		{B8FB4141-3018-4CA8-846F-70204282EC01}.Release|Any CPU.Build.0 = Release|Any CPU
	EndGlobalSection
	GlobalSection(SolutionProperties) = preSolution
		HideSolutionNode = FALSE
	EndGlobalSection
	GlobalSection(ExtensibilityGlobals) = postSolution
		SolutionGuid = {F055DF05-C1CA-467B-9AC5-33BC6C4D11C1}
	EndGlobalSection
EndGlobal
