
Microsoft Visual Studio Solution File, Format Version 12.00
# Visual Studio Version 17
VisualStudioVersion = 17.9.34616.47
MinimumVisualStudioVersion = 10.0.40219.1
Project("{FAE04EC0-301F-11D3-BF4B-00C04F79EFBC}") = "01_Calculator", "01_Calculator\01_Calculator.csproj", "{69AC5FAD-A749-412B-8013-C543385D9B72}"
EndProject
Global
	GlobalSection(SolutionConfigurationPlatforms) = preSolution
		Debug|Any CPU = Debug|Any CPU
		Release|Any CPU = Release|Any CPU
	EndGlobalSection
	GlobalSection(ProjectConfigurationPlatforms) = postSolution
		{69AC5FAD-A749-412B-8013-C543385D9B72}.Debug|Any CPU.ActiveCfg = Debug|Any CPU
		{69AC5FAD-A749-412B-8013-C543385D9B72}.Debug|Any CPU.Build.0 = Debug|Any CPU
		{69AC5FAD-A749-412B-8013-C543385D9B72}.Release|Any CPU.ActiveCfg = Release|Any CPU
		{69AC5FAD-A749-412B-8013-C543385D9B72}.Release|Any CPU.Build.0 = Release|Any CPU
	EndGlobalSection
	GlobalSection(SolutionProperties) = preSolution
		HideSolutionNode = FALSE
	EndGlobalSection
	GlobalSection(ExtensibilityGlobals) = postSolution
		SolutionGuid = {66CB9924-C963-4B52-B4C0-47227BF291AF}
	EndGlobalSection
EndGlobal
