
Microsoft Visual Studio Solution File, Format Version 12.00
# Visual Studio Version 17
VisualStudioVersion = 17.9.34616.47
MinimumVisualStudioVersion = 10.0.40219.1
Project("{9A19103F-16F7-4668-BE54-9A1E7A4F7556}") = "01_Calculator", "01_Calculator\01_Calculator.csproj", "{69AC5FAD-A749-412B-8013-C543385D9B72}"
EndProject
Project("{9A19103F-16F7-4668-BE54-9A1E7A4F7556}") = "02_Return", "02_Return\02_Return.csproj", "{13C1AF7D-63DE-4A70-945D-160498F58D72}"
EndProject
Project("{9A19103F-16F7-4668-BE54-9A1E7A4F7556}") = "03_SwapByValue", "03_SwapByValue\03_SwapByValue.csproj", "{B83D3E32-6E64-4661-B819-C35BD8A38337}"
EndProject
Project("{FAE04EC0-301F-11D3-BF4B-00C04F79EFBC}") = "04_SwapByRef", "04_SwapByRef\04_SwapByRef.csproj", "{72ACCB78-E68C-45C7-9B06-5C1744BFCEED}"
EndProject
Project("{FAE04EC0-301F-11D3-BF4B-00C04F79EFBC}") = "05_RefReturn", "05_RefReturn\05_RefReturn.csproj", "{597025F9-83C9-44B9-BB60-738476EA62D5}"
EndProject
Project("{FAE04EC0-301F-11D3-BF4B-00C04F79EFBC}") = "06_UsingOut", "06_UsingOut\06_UsingOut.csproj", "{5DA1DC49-6A9B-4144-B0A4-38C4F3276E7C}"
EndProject
Project("{FAE04EC0-301F-11D3-BF4B-00C04F79EFBC}") = "07_Overloading", "07_Overloading\07_Overloading.csproj", "{7A3C5BEB-23C3-402C-B22A-BEA0A0608FE7}"
EndProject
Project("{FAE04EC0-301F-11D3-BF4B-00C04F79EFBC}") = "08_UsingParams", "08_UsingParams\08_UsingParams.csproj", "{C9840697-4CD1-46D8-9C7D-7186CF2AF5FE}"
EndProject
Project("{FAE04EC0-301F-11D3-BF4B-00C04F79EFBC}") = "09_NamedParameter", "09_NamedParameter\09_NamedParameter.csproj", "{26A7A5EF-78D6-4B34-ABBE-54245B84ACB5}"
EndProject
Project("{FAE04EC0-301F-11D3-BF4B-00C04F79EFBC}") = "10_OptionalParameter", "10_OptionalParameter\10_OptionalParameter.csproj", "{2E44950B-2533-4AA2-9A2C-E7EDB7D16262}"
EndProject
Project("{FAE04EC0-301F-11D3-BF4B-00C04F79EFBC}") = "11_LocalFunction", "11_LocalFunction\11_LocalFunction.csproj", "{8C818A70-ED30-413E-8D34-8BB3C58D273E}"
EndProject
Project("{FAE04EC0-301F-11D3-BF4B-00C04F79EFBC}") = "12_Exercise01", "12_Exercise01\12_Exercise01.csproj", "{C5448ED6-EB5C-4239-BCCD-F40EF949F6FF}"
EndProject
Project("{FAE04EC0-301F-11D3-BF4B-00C04F79EFBC}") = "14_Exercise03", "14_Exercise03\14_Exercise03.csproj", "{73350F13-B311-4AAC-80D6-F34118F8BE32}"
EndProject
Project("{FAE04EC0-301F-11D3-BF4B-00C04F79EFBC}") = "13_Exercise02", "13_Exercise02\13_Exercise02.csproj", "{6A09BEA5-C254-48AC-AC68-52735421AC21}"
EndProject
Global
	GlobalSection(SolutionConfigurationPlatforms) = preSolution
		Debug|Any CPU = Debug|Any CPU
		Release|Any CPU = Release|Any CPU
	EndGlobalSection
	GlobalSection(ProjectConfigurationPlatforms) = postSolution
		{69AC5FAD-A749-412B-8013-C543385D9B72}.Debug|Any CPU.ActiveCfg = Debug|Any CPU
		{69AC5FAD-A749-412B-8013-C543385D9B72}.Debug|Any CPU.Build.0 = Debug|Any CPU
		{69AC5FAD-A749-412B-8013-C543385D9B72}.Release|Any CPU.ActiveCfg = Release|Any CPU
		{69AC5FAD-A749-412B-8013-C543385D9B72}.Release|Any CPU.Build.0 = Release|Any CPU
		{13C1AF7D-63DE-4A70-945D-160498F58D72}.Debug|Any CPU.ActiveCfg = Debug|Any CPU
		{13C1AF7D-63DE-4A70-945D-160498F58D72}.Debug|Any CPU.Build.0 = Debug|Any CPU
		{13C1AF7D-63DE-4A70-945D-160498F58D72}.Release|Any CPU.ActiveCfg = Release|Any CPU
		{13C1AF7D-63DE-4A70-945D-160498F58D72}.Release|Any CPU.Build.0 = Release|Any CPU
		{B83D3E32-6E64-4661-B819-C35BD8A38337}.Debug|Any CPU.ActiveCfg = Debug|Any CPU
		{B83D3E32-6E64-4661-B819-C35BD8A38337}.Debug|Any CPU.Build.0 = Debug|Any CPU
		{B83D3E32-6E64-4661-B819-C35BD8A38337}.Release|Any CPU.ActiveCfg = Release|Any CPU
		{B83D3E32-6E64-4661-B819-C35BD8A38337}.Release|Any CPU.Build.0 = Release|Any CPU
		{72ACCB78-E68C-45C7-9B06-5C1744BFCEED}.Debug|Any CPU.ActiveCfg = Debug|Any CPU
		{72ACCB78-E68C-45C7-9B06-5C1744BFCEED}.Debug|Any CPU.Build.0 = Debug|Any CPU
		{72ACCB78-E68C-45C7-9B06-5C1744BFCEED}.Release|Any CPU.ActiveCfg = Release|Any CPU
		{72ACCB78-E68C-45C7-9B06-5C1744BFCEED}.Release|Any CPU.Build.0 = Release|Any CPU
		{597025F9-83C9-44B9-BB60-738476EA62D5}.Debug|Any CPU.ActiveCfg = Debug|Any CPU
		{597025F9-83C9-44B9-BB60-738476EA62D5}.Debug|Any CPU.Build.0 = Debug|Any CPU
		{597025F9-83C9-44B9-BB60-738476EA62D5}.Release|Any CPU.ActiveCfg = Release|Any CPU
		{597025F9-83C9-44B9-BB60-738476EA62D5}.Release|Any CPU.Build.0 = Release|Any CPU
		{5DA1DC49-6A9B-4144-B0A4-38C4F3276E7C}.Debug|Any CPU.ActiveCfg = Debug|Any CPU
		{5DA1DC49-6A9B-4144-B0A4-38C4F3276E7C}.Debug|Any CPU.Build.0 = Debug|Any CPU
		{5DA1DC49-6A9B-4144-B0A4-38C4F3276E7C}.Release|Any CPU.ActiveCfg = Release|Any CPU
		{5DA1DC49-6A9B-4144-B0A4-38C4F3276E7C}.Release|Any CPU.Build.0 = Release|Any CPU
		{7A3C5BEB-23C3-402C-B22A-BEA0A0608FE7}.Debug|Any CPU.ActiveCfg = Debug|Any CPU
		{7A3C5BEB-23C3-402C-B22A-BEA0A0608FE7}.Debug|Any CPU.Build.0 = Debug|Any CPU
		{7A3C5BEB-23C3-402C-B22A-BEA0A0608FE7}.Release|Any CPU.ActiveCfg = Release|Any CPU
		{7A3C5BEB-23C3-402C-B22A-BEA0A0608FE7}.Release|Any CPU.Build.0 = Release|Any CPU
		{C9840697-4CD1-46D8-9C7D-7186CF2AF5FE}.Debug|Any CPU.ActiveCfg = Debug|Any CPU
		{C9840697-4CD1-46D8-9C7D-7186CF2AF5FE}.Debug|Any CPU.Build.0 = Debug|Any CPU
		{C9840697-4CD1-46D8-9C7D-7186CF2AF5FE}.Release|Any CPU.ActiveCfg = Release|Any CPU
		{C9840697-4CD1-46D8-9C7D-7186CF2AF5FE}.Release|Any CPU.Build.0 = Release|Any CPU
		{26A7A5EF-78D6-4B34-ABBE-54245B84ACB5}.Debug|Any CPU.ActiveCfg = Debug|Any CPU
		{26A7A5EF-78D6-4B34-ABBE-54245B84ACB5}.Debug|Any CPU.Build.0 = Debug|Any CPU
		{26A7A5EF-78D6-4B34-ABBE-54245B84ACB5}.Release|Any CPU.ActiveCfg = Release|Any CPU
		{26A7A5EF-78D6-4B34-ABBE-54245B84ACB5}.Release|Any CPU.Build.0 = Release|Any CPU
		{2E44950B-2533-4AA2-9A2C-E7EDB7D16262}.Debug|Any CPU.ActiveCfg = Debug|Any CPU
		{2E44950B-2533-4AA2-9A2C-E7EDB7D16262}.Debug|Any CPU.Build.0 = Debug|Any CPU
		{2E44950B-2533-4AA2-9A2C-E7EDB7D16262}.Release|Any CPU.ActiveCfg = Release|Any CPU
		{2E44950B-2533-4AA2-9A2C-E7EDB7D16262}.Release|Any CPU.Build.0 = Release|Any CPU
		{8C818A70-ED30-413E-8D34-8BB3C58D273E}.Debug|Any CPU.ActiveCfg = Debug|Any CPU
		{8C818A70-ED30-413E-8D34-8BB3C58D273E}.Debug|Any CPU.Build.0 = Debug|Any CPU
		{8C818A70-ED30-413E-8D34-8BB3C58D273E}.Release|Any CPU.ActiveCfg = Release|Any CPU
		{8C818A70-ED30-413E-8D34-8BB3C58D273E}.Release|Any CPU.Build.0 = Release|Any CPU
		{C5448ED6-EB5C-4239-BCCD-F40EF949F6FF}.Debug|Any CPU.ActiveCfg = Debug|Any CPU
		{C5448ED6-EB5C-4239-BCCD-F40EF949F6FF}.Debug|Any CPU.Build.0 = Debug|Any CPU
		{C5448ED6-EB5C-4239-BCCD-F40EF949F6FF}.Release|Any CPU.ActiveCfg = Release|Any CPU
		{C5448ED6-EB5C-4239-BCCD-F40EF949F6FF}.Release|Any CPU.Build.0 = Release|Any CPU
		{73350F13-B311-4AAC-80D6-F34118F8BE32}.Debug|Any CPU.ActiveCfg = Debug|Any CPU
		{73350F13-B311-4AAC-80D6-F34118F8BE32}.Debug|Any CPU.Build.0 = Debug|Any CPU
		{73350F13-B311-4AAC-80D6-F34118F8BE32}.Release|Any CPU.ActiveCfg = Release|Any CPU
		{73350F13-B311-4AAC-80D6-F34118F8BE32}.Release|Any CPU.Build.0 = Release|Any CPU
		{6A09BEA5-C254-48AC-AC68-52735421AC21}.Debug|Any CPU.ActiveCfg = Debug|Any CPU
		{6A09BEA5-C254-48AC-AC68-52735421AC21}.Debug|Any CPU.Build.0 = Debug|Any CPU
		{6A09BEA5-C254-48AC-AC68-52735421AC21}.Release|Any CPU.ActiveCfg = Release|Any CPU
		{6A09BEA5-C254-48AC-AC68-52735421AC21}.Release|Any CPU.Build.0 = Release|Any CPU
	EndGlobalSection
	GlobalSection(SolutionProperties) = preSolution
		HideSolutionNode = FALSE
	EndGlobalSection
	GlobalSection(ExtensibilityGlobals) = postSolution
		SolutionGuid = {66CB9924-C963-4B52-B4C0-47227BF291AF}
	EndGlobalSection
EndGlobal
